
Microsoft Visual Studio Solution File, Format Version 12.00
# Visual Studio 15
VisualStudioVersion = 15.0.26403.7
MinimumVisualStudioVersion = 10.0.40219.1
Project("{FAE04EC0-301F-11D3-BF4B-00C04F79EFBC}") = "TeduShop.Common", "TeduShop.Common\TeduShop.Common.csproj", "{16BF36FB-D6F4-4D07-8E1E-64C7B62F9398}"
EndProject
Project("{FAE04EC0-301F-11D3-BF4B-00C04F79EFBC}") = "TeduShop.Model", "TeduShop.Model\TeduShop.Model.csproj", "{4DE30053-E839-42BC-A29D-16D8F66B811C}"
EndProject
Project("{FAE04EC0-301F-11D3-BF4B-00C04F79EFBC}") = "TeduShop.Data", "TeduShop.Data\TeduShop.Data.csproj", "{58FE398F-B538-4699-A6D3-31549A5B22C2}"
EndProject
Project("{FAE04EC0-301F-11D3-BF4B-00C04F79EFBC}") = "TeduShop.Service", "TeduShop.Service\TeduShop.Service.csproj", "{5954DE56-7258-4F4C-967F-FD3542671CD2}"
EndProject
Project("{FAE04EC0-301F-11D3-BF4B-00C04F79EFBC}") = "TeduShop.UnitTest", "TeduShop.UnitTest\TeduShop.UnitTest.csproj", "{663370CC-9333-4ECC-A2E5-AD4D455AEC85}"
EndProject
Project("{FAE04EC0-301F-11D3-BF4B-00C04F79EFBC}") = "TeduShop.Web", "TeduShop.Web\TeduShop.Web.csproj", "{9DA58AF7-8095-4A48-AE11-7CFD0268D345}"
EndProject
Global
	GlobalSection(SolutionConfigurationPlatforms) = preSolution
		Debug|Any CPU = Debug|Any CPU
		Release|Any CPU = Release|Any CPU
	EndGlobalSection
	GlobalSection(ProjectConfigurationPlatforms) = postSolution
		{16BF36FB-D6F4-4D07-8E1E-64C7B62F9398}.Debug|Any CPU.ActiveCfg = Debug|Any CPU
		{16BF36FB-D6F4-4D07-8E1E-64C7B62F9398}.Debug|Any CPU.Build.0 = Debug|Any CPU
		{16BF36FB-D6F4-4D07-8E1E-64C7B62F9398}.Release|Any CPU.ActiveCfg = Release|Any CPU
		{16BF36FB-D6F4-4D07-8E1E-64C7B62F9398}.Release|Any CPU.Build.0 = Release|Any CPU
		{4DE30053-E839-42BC-A29D-16D8F66B811C}.Debug|Any CPU.ActiveCfg = Debug|Any CPU
		{4DE30053-E839-42BC-A29D-16D8F66B811C}.Debug|Any CPU.Build.0 = Debug|Any CPU
		{4DE30053-E839-42BC-A29D-16D8F66B811C}.Release|Any CPU.ActiveCfg = Release|Any CPU
		{4DE30053-E839-42BC-A29D-16D8F66B811C}.Release|Any CPU.Build.0 = Release|Any CPU
		{58FE398F-B538-4699-A6D3-31549A5B22C2}.Debug|Any CPU.ActiveCfg = Debug|Any CPU
		{58FE398F-B538-4699-A6D3-31549A5B22C2}.Debug|Any CPU.Build.0 = Debug|Any CPU
		{58FE398F-B538-4699-A6D3-31549A5B22C2}.Release|Any CPU.ActiveCfg = Release|Any CPU
		{58FE398F-B538-4699-A6D3-31549A5B22C2}.Release|Any CPU.Build.0 = Release|Any CPU
		{5954DE56-7258-4F4C-967F-FD3542671CD2}.Debug|Any CPU.ActiveCfg = Debug|Any CPU
		{5954DE56-7258-4F4C-967F-FD3542671CD2}.Debug|Any CPU.Build.0 = Debug|Any CPU
		{5954DE56-7258-4F4C-967F-FD3542671CD2}.Release|Any CPU.ActiveCfg = Release|Any CPU
		{5954DE56-7258-4F4C-967F-FD3542671CD2}.Release|Any CPU.Build.0 = Release|Any CPU
		{663370CC-9333-4ECC-A2E5-AD4D455AEC85}.Debug|Any CPU.ActiveCfg = Debug|Any CPU
		{663370CC-9333-4ECC-A2E5-AD4D455AEC85}.Debug|Any CPU.Build.0 = Debug|Any CPU
		{663370CC-9333-4ECC-A2E5-AD4D455AEC85}.Release|Any CPU.ActiveCfg = Release|Any CPU
		{663370CC-9333-4ECC-A2E5-AD4D455AEC85}.Release|Any CPU.Build.0 = Release|Any CPU
		{9DA58AF7-8095-4A48-AE11-7CFD0268D345}.Debug|Any CPU.ActiveCfg = Debug|Any CPU
		{9DA58AF7-8095-4A48-AE11-7CFD0268D345}.Debug|Any CPU.Build.0 = Debug|Any CPU
		{9DA58AF7-8095-4A48-AE11-7CFD0268D345}.Release|Any CPU.ActiveCfg = Release|Any CPU
		{9DA58AF7-8095-4A48-AE11-7CFD0268D345}.Release|Any CPU.Build.0 = Release|Any CPU
	EndGlobalSection
	GlobalSection(SolutionProperties) = preSolution
		HideSolutionNode = FALSE
	EndGlobalSection
EndGlobal
